
Microsoft Visual Studio Solution File, Format Version 12.00
# Visual Studio Version 16
VisualStudioVersion = 16.0.30804.86
MinimumVisualStudioVersion = 10.0.40219.1
Project("{9A19103F-16F7-4668-BE54-9A1E7A4F7556}") = "TicTacToe.WebApi", "TicTacToe\TicTacToe.WebApi.csproj", "{BF0F50FC-5AF6-4774-8669-59BD306B8806}"
EndProject
Project("{9A19103F-16F7-4668-BE54-9A1E7A4F7556}") = "TicTacToe.BusinessComponent", "TicTacToe.BL\TicTacToe.BusinessComponent.csproj", "{52BD9709-0252-4E02-ACD0-9226E90508E9}"
EndProject
Project("{9A19103F-16F7-4668-BE54-9A1E7A4F7556}") = "TicTacToe.DataComponent", "TicTacToe.DL\TicTacToe.DataComponent.csproj", "{76F84BBF-8BD0-42ED-955E-5DB1EE1F1C06}"
EndProject
Project("{9A19103F-16F7-4668-BE54-9A1E7A4F7556}") = "TicTacToe.Tests", "TicTacToe.Tests\TicTacToe.Tests.csproj", "{32551E02-161B-4FFE-8382-48854D3B1951}"
EndProject
Project("{FAE04EC0-301F-11D3-BF4B-00C04F79EFBC}") = "TicTacToe.Bot", "TicTacToe.Bot\TicTacToe.Bot.csproj", "{21D0FA15-F502-4A2F-A54D-1D058841135F}"
EndProject
Project("{FAE04EC0-301F-11D3-BF4B-00C04F79EFBC}") = "TicTacToe.Bot.BusinessComponent", "TicTacToe.Bot.BusinessComponent\TicTacToe.Bot.BusinessComponent.csproj", "{044BF347-7DD2-4BF9-8CB7-0D04A74D67A7}"
EndProject
Global
	GlobalSection(SolutionConfigurationPlatforms) = preSolution
		Debug|Any CPU = Debug|Any CPU
		Release|Any CPU = Release|Any CPU
	EndGlobalSection
	GlobalSection(ProjectConfigurationPlatforms) = postSolution
		{BF0F50FC-5AF6-4774-8669-59BD306B8806}.Debug|Any CPU.ActiveCfg = Debug|Any CPU
		{BF0F50FC-5AF6-4774-8669-59BD306B8806}.Debug|Any CPU.Build.0 = Debug|Any CPU
		{BF0F50FC-5AF6-4774-8669-59BD306B8806}.Release|Any CPU.ActiveCfg = Release|Any CPU
		{BF0F50FC-5AF6-4774-8669-59BD306B8806}.Release|Any CPU.Build.0 = Release|Any CPU
		{52BD9709-0252-4E02-ACD0-9226E90508E9}.Debug|Any CPU.ActiveCfg = Debug|Any CPU
		{52BD9709-0252-4E02-ACD0-9226E90508E9}.Debug|Any CPU.Build.0 = Debug|Any CPU
		{52BD9709-0252-4E02-ACD0-9226E90508E9}.Release|Any CPU.ActiveCfg = Release|Any CPU
		{52BD9709-0252-4E02-ACD0-9226E90508E9}.Release|Any CPU.Build.0 = Release|Any CPU
		{76F84BBF-8BD0-42ED-955E-5DB1EE1F1C06}.Debug|Any CPU.ActiveCfg = Debug|Any CPU
		{76F84BBF-8BD0-42ED-955E-5DB1EE1F1C06}.Debug|Any CPU.Build.0 = Debug|Any CPU
		{76F84BBF-8BD0-42ED-955E-5DB1EE1F1C06}.Release|Any CPU.ActiveCfg = Release|Any CPU
		{76F84BBF-8BD0-42ED-955E-5DB1EE1F1C06}.Release|Any CPU.Build.0 = Release|Any CPU
		{32551E02-161B-4FFE-8382-48854D3B1951}.Debug|Any CPU.ActiveCfg = Debug|Any CPU
		{32551E02-161B-4FFE-8382-48854D3B1951}.Debug|Any CPU.Build.0 = Debug|Any CPU
		{32551E02-161B-4FFE-8382-48854D3B1951}.Release|Any CPU.ActiveCfg = Release|Any CPU
		{32551E02-161B-4FFE-8382-48854D3B1951}.Release|Any CPU.Build.0 = Release|Any CPU
		{21D0FA15-F502-4A2F-A54D-1D058841135F}.Debug|Any CPU.ActiveCfg = Debug|Any CPU
		{21D0FA15-F502-4A2F-A54D-1D058841135F}.Debug|Any CPU.Build.0 = Debug|Any CPU
		{21D0FA15-F502-4A2F-A54D-1D058841135F}.Release|Any CPU.ActiveCfg = Release|Any CPU
		{21D0FA15-F502-4A2F-A54D-1D058841135F}.Release|Any CPU.Build.0 = Release|Any CPU
		{044BF347-7DD2-4BF9-8CB7-0D04A74D67A7}.Debug|Any CPU.ActiveCfg = Debug|Any CPU
		{044BF347-7DD2-4BF9-8CB7-0D04A74D67A7}.Debug|Any CPU.Build.0 = Debug|Any CPU
		{044BF347-7DD2-4BF9-8CB7-0D04A74D67A7}.Release|Any CPU.ActiveCfg = Release|Any CPU
		{044BF347-7DD2-4BF9-8CB7-0D04A74D67A7}.Release|Any CPU.Build.0 = Release|Any CPU
	EndGlobalSection
	GlobalSection(SolutionProperties) = preSolution
		HideSolutionNode = FALSE
	EndGlobalSection
	GlobalSection(ExtensibilityGlobals) = postSolution
		SolutionGuid = {22A54C85-491E-4275-A32B-D447269EBAAB}
	EndGlobalSection
EndGlobal
